
Microsoft Visual Studio Solution File, Format Version 12.00
# Visual Studio Version 17
VisualStudioVersion = 17.11.35222.181
MinimumVisualStudioVersion = 10.0.40219.1
Project("{FAE04EC0-301F-11D3-BF4B-00C04F79EFBC}") = "task3", "task3\task3.csproj", "{30A7FE1A-272E-42B9-8755-08A03638BC2F}"
EndProject
Global
	GlobalSection(SolutionConfigurationPlatforms) = preSolution
		Debug|Any CPU = Debug|Any CPU
		Release|Any CPU = Release|Any CPU
	EndGlobalSection
	GlobalSection(ProjectConfigurationPlatforms) = postSolution
		{30A7FE1A-272E-42B9-8755-08A03638BC2F}.Debug|Any CPU.ActiveCfg = Debug|Any CPU
		{30A7FE1A-272E-42B9-8755-08A03638BC2F}.Debug|Any CPU.Build.0 = Debug|Any CPU
		{30A7FE1A-272E-42B9-8755-08A03638BC2F}.Release|Any CPU.ActiveCfg = Release|Any CPU
		{30A7FE1A-272E-42B9-8755-08A03638BC2F}.Release|Any CPU.Build.0 = Release|Any CPU
	EndGlobalSection
	GlobalSection(SolutionProperties) = preSolution
		HideSolutionNode = FALSE
	EndGlobalSection
	GlobalSection(ExtensibilityGlobals) = postSolution
		SolutionGuid = {7164BCDB-418F-4E39-84E3-38E6DD1DC991}
	EndGlobalSection
EndGlobal
