
Microsoft Visual Studio Solution File, Format Version 12.00
# Visual Studio Version 17
VisualStudioVersion = 17.11.35222.181
MinimumVisualStudioVersion = 10.0.40219.1
Project("{FAE04EC0-301F-11D3-BF4B-00C04F79EFBC}") = "task6", "task6.csproj", "{10ACBCCC-C204-49B3-86B4-CE040CE3C39C}"
EndProject
Global
	GlobalSection(SolutionConfigurationPlatforms) = preSolution
		Debug|Any CPU = Debug|Any CPU
		Release|Any CPU = Release|Any CPU
	EndGlobalSection
	GlobalSection(ProjectConfigurationPlatforms) = postSolution
		{10ACBCCC-C204-49B3-86B4-CE040CE3C39C}.Debug|Any CPU.ActiveCfg = Debug|Any CPU
		{10ACBCCC-C204-49B3-86B4-CE040CE3C39C}.Debug|Any CPU.Build.0 = Debug|Any CPU
		{10ACBCCC-C204-49B3-86B4-CE040CE3C39C}.Release|Any CPU.ActiveCfg = Release|Any CPU
		{10ACBCCC-C204-49B3-86B4-CE040CE3C39C}.Release|Any CPU.Build.0 = Release|Any CPU
	EndGlobalSection
	GlobalSection(SolutionProperties) = preSolution
		HideSolutionNode = FALSE
	EndGlobalSection
	GlobalSection(ExtensibilityGlobals) = postSolution
		SolutionGuid = {ED404C96-E748-46F9-BF3E-B372D42E2316}
	EndGlobalSection
EndGlobal
